{
  "nodes": {
    "nixpkgs": {
      "locked": {
        "lastModified": 1754559866,
        "narHash": "sha256-bBSR+76L+MQMQXwhRM+OeG6KMPlUgGvfVWIcbjCEoRw=",
        "owner": "NixOS",
        "repo": "nixpkgs",
        "rev": "b14a5f5b45eefad36f336894580bc4bccc602484",
        "type": "github"
      },
      "original": {
        "owner": "NixOS",
        "repo": "nixpkgs",
        "rev": "b14a5f5b45eefad36f336894580bc4bccc602484",
        "type": "github"
      }
    },
    "root": {
      "inputs": {
        "nixpkgs": "nixpkgs"
      }
    }
  },
  "root": "root",
  "version": 7
}
