{
  "nodes": {
    "nixpkgs": {
      "locked": {
        "lastModified": 1779012996,
        "narHash": "sha256-v4GjJW7GmJ+U7mGpNXLApwJb+qvYcFfv2B17wd2TNjk=",
        "owner": "NixOS",
        "repo": "nixpkgs",
        "rev": "68799d2b3b33ca5a2406d99ec5d67900a1ea658f",
        "type": "github"
      },
      "original": {
        "owner": "NixOS",
        "repo": "nixpkgs",
        "rev": "68799d2b3b33ca5a2406d99ec5d67900a1ea658f",
        "type": "github"
      }
    },
    "root": {
      "inputs": {
        "nixpkgs": "nixpkgs"
      }
    }
  },
  "root": "root",
  "version": 7
}
